// !$*UTF8*$!
{
	archiveVersion = 1;
	classes = {
	};
	objectVersion = 55;
	objects = {

/* Begin PBXBuildFile section */
		64BDBC7F27E878750006BFDB /* LandmarksApp.swift in Sources */ = {isa = PBXBuildFile; fileRef = 64BDBC7E27E878750006BFDB /* LandmarksApp.swift */; };
		64BDBC8127E878750006BFDB /* ContentView.swift in Sources */ = {isa = PBXBuildFile; fileRef = 64BDBC8027E878750006BFDB /* ContentView.swift */; };
		64BDBC8327E878780006BFDB /* Assets.xcassets in Resources */ = {isa = PBXBuildFile; fileRef = 64BDBC8227E878780006BFDB /* Assets.xcassets */; };
		64BDBC8627E878780006BFDB /* Preview Assets.xcassets in Resources */ = {isa = PBXBuildFile; fileRef = 64BDBC8527E878780006BFDB /* Preview Assets.xcassets */; };
		64BDBC8F27E8A4150006BFDB /* CircleImage.swift in Sources */ = {isa = PBXBuildFile; fileRef = 64BDBC8E27E8A4150006BFDB /* CircleImage.swift */; };
		64BDBC9127E8ADA60006BFDB /* MapView.swift in Sources */ = {isa = PBXBuildFile; fileRef = 64BDBC9027E8ADA60006BFDB /* MapView.swift */; };
		64BDBC9327E8B6CC0006BFDB /* landmarkData.json in Resources */ = {isa = PBXBuildFile; fileRef = 64BDBC9227E8B6CC0006BFDB /* landmarkData.json */; };
		64BDBC9527E8B7030006BFDB /* Landmark.swift in Sources */ = {isa = PBXBuildFile; fileRef = 64BDBC9427E8B7030006BFDB /* Landmark.swift */; };
		64BDBC9727E8B94C0006BFDB /* ModelData.swift in Sources */ = {isa = PBXBuildFile; fileRef = 64BDBC9627E8B94C0006BFDB /* ModelData.swift */; };
		64BDBC9C27E8BB8E0006BFDB /* LandmarkRow.swift in Sources */ = {isa = PBXBuildFile; fileRef = 64BDBC9B27E8BB8E0006BFDB /* LandmarkRow.swift */; };
		64BDBC9E27E8BDD10006BFDB /* LandmarkList.swift in Sources */ = {isa = PBXBuildFile; fileRef = 64BDBC9D27E8BDD10006BFDB /* LandmarkList.swift */; };
		64BDBCA027E8BEA80006BFDB /* LandmarkDetail.swift in Sources */ = {isa = PBXBuildFile; fileRef = 64BDBC9F27E8BEA80006BFDB /* LandmarkDetail.swift */; };
/* End PBXBuildFile section */

/* Begin PBXFileReference section */
		64BDBC7B27E878750006BFDB /* Landmarks.app */ = {isa = PBXFileReference; explicitFileType = wrapper.application; includeInIndex = 0; path = Landmarks.app; sourceTree = BUILT_PRODUCTS_DIR; };
		64BDBC7E27E878750006BFDB /* LandmarksApp.swift */ = {isa = PBXFileReference; lastKnownFileType = sourcecode.swift; path = LandmarksApp.swift; sourceTree = "<group>"; };
		64BDBC8027E878750006BFDB /* ContentView.swift */ = {isa = PBXFileReference; lastKnownFileType = sourcecode.swift; path = ContentView.swift; sourceTree = "<group>"; };
		64BDBC8227E878780006BFDB /* Assets.xcassets */ = {isa = PBXFileReference; lastKnownFileType = folder.assetcatalog; path = Assets.xcassets; sourceTree = "<group>"; };
		64BDBC8527E878780006BFDB /* Preview Assets.xcassets */ = {isa = PBXFileReference; lastKnownFileType = folder.assetcatalog; path = "Preview Assets.xcassets"; sourceTree = "<group>"; };
		64BDBC8E27E8A4150006BFDB /* CircleImage.swift */ = {isa = PBXFileReference; lastKnownFileType = sourcecode.swift; path = CircleImage.swift; sourceTree = "<group>"; };
		64BDBC9027E8ADA60006BFDB /* MapView.swift */ = {isa = PBXFileReference; lastKnownFileType = sourcecode.swift; path = MapView.swift; sourceTree = "<group>"; };
		64BDBC9227E8B6CC0006BFDB /* landmarkData.json */ = {isa = PBXFileReference; fileEncoding = 4; lastKnownFileType = text.json; path = landmarkData.json; sourceTree = "<group>"; };
		64BDBC9427E8B7030006BFDB /* Landmark.swift */ = {isa = PBXFileReference; lastKnownFileType = sourcecode.swift; path = Landmark.swift; sourceTree = "<group>"; };
		64BDBC9627E8B94C0006BFDB /* ModelData.swift */ = {isa = PBXFileReference; lastKnownFileType = sourcecode.swift; path = ModelData.swift; sourceTree = "<group>"; };
		64BDBC9B27E8BB8E0006BFDB /* LandmarkRow.swift */ = {isa = PBXFileReference; lastKnownFileType = sourcecode.swift; path = LandmarkRow.swift; sourceTree = "<group>"; };
		64BDBC9D27E8BDD10006BFDB /* LandmarkList.swift */ = {isa = PBXFileReference; lastKnownFileType = sourcecode.swift; path = LandmarkList.swift; sourceTree = "<group>"; };
		64BDBC9F27E8BEA80006BFDB /* LandmarkDetail.swift */ = {isa = PBXFileReference; lastKnownFileType = sourcecode.swift; path = LandmarkDetail.swift; sourceTree = "<group>"; };
/* End PBXFileReference section */

/* Begin PBXFrameworksBuildPhase section */
		64BDBC7827E878750006BFDB /* Frameworks */ = {
			isa = PBXFrameworksBuildPhase;
			buildActionMask = 2147483647;
			files = (
			);
			runOnlyForDeploymentPostprocessing = 0;
		};
/* End PBXFrameworksBuildPhase section */

/* Begin PBXGroup section */
		64BDBC7227E878750006BFDB = {
			isa = PBXGroup;
			children = (
				64BDBC7D27E878750006BFDB /* Landmarks */,
				64BDBC7C27E878750006BFDB /* Products */,
			);
			sourceTree = "<group>";
		};
		64BDBC7C27E878750006BFDB /* Products */ = {
			isa = PBXGroup;
			children = (
				64BDBC7B27E878750006BFDB /* Landmarks.app */,
			);
			name = Products;
			sourceTree = "<group>";
		};
		64BDBC7D27E878750006BFDB /* Landmarks */ = {
			isa = PBXGroup;
			children = (
				64BDBC7E27E878750006BFDB /* LandmarksApp.swift */,
				64BDBC9927E8BB210006BFDB /* Views */,
				64BDBC9827E8BB0C0006BFDB /* Model */,
				64BDBC9A27E8BB310006BFDB /* Resources */,
				64BDBC8227E878780006BFDB /* Assets.xcassets */,
				64BDBC8427E878780006BFDB /* Preview Content */,
			);
			path = Landmarks;
			sourceTree = "<group>";
		};
		64BDBC8427E878780006BFDB /* Preview Content */ = {
			isa = PBXGroup;
			children = (
				64BDBC8527E878780006BFDB /* Preview Assets.xcassets */,
			);
			path = "Preview Content";
			sourceTree = "<group>";
		};
		64BDBC9827E8BB0C0006BFDB /* Model */ = {
			isa = PBXGroup;
			children = (
				64BDBC9427E8B7030006BFDB /* Landmark.swift */,
				64BDBC9627E8B94C0006BFDB /* ModelData.swift */,
			);
			path = Model;
			sourceTree = "<group>";
		};
		64BDBC9927E8BB210006BFDB /* Views */ = {
			isa = PBXGroup;
			children = (
				64BDBC8027E878750006BFDB /* ContentView.swift */,
				64BDBC8E27E8A4150006BFDB /* CircleImage.swift */,
				64BDBC9027E8ADA60006BFDB /* MapView.swift */,
				64BDBC9B27E8BB8E0006BFDB /* LandmarkRow.swift */,
				64BDBC9D27E8BDD10006BFDB /* LandmarkList.swift */,
				64BDBC9F27E8BEA80006BFDB /* LandmarkDetail.swift */,
			);
			path = Views;
			sourceTree = "<group>";
		};
		64BDBC9A27E8BB310006BFDB /* Resources */ = {
			isa = PBXGroup;
			children = (
				64BDBC9227E8B6CC0006BFDB /* landmarkData.json */,
			);
			path = Resources;
			sourceTree = "<group>";
		};
/* End PBXGroup section */

/* Begin PBXNativeTarget section */
		64BDBC7A27E878750006BFDB /* Landmarks */ = {
			isa = PBXNativeTarget;
			buildConfigurationList = 64BDBC8927E878780006BFDB /* Build configuration list for PBXNativeTarget "Landmarks" */;
			buildPhases = (
				64BDBC7727E878750006BFDB /* Sources */,
				64BDBC7827E878750006BFDB /* Frameworks */,
				64BDBC7927E878750006BFDB /* Resources */,
			);
			buildRules = (
			);
			dependencies = (
			);
			name = Landmarks;
			productName = Landmarks;
			productReference = 64BDBC7B27E878750006BFDB /* Landmarks.app */;
			productType = "com.apple.product-type.application";
		};
/* End PBXNativeTarget section */

/* Begin PBXProject section */
		64BDBC7327E878750006BFDB /* Project object */ = {
			isa = PBXProject;
			attributes = {
				BuildIndependentTargetsInParallel = 1;
				LastSwiftUpdateCheck = 1330;
				LastUpgradeCheck = 1330;
				TargetAttributes = {
					64BDBC7A27E878750006BFDB = {
						CreatedOnToolsVersion = 13.3;
					};
				};
			};
			buildConfigurationList = 64BDBC7627E878750006BFDB /* Build configuration list for PBXProject "Landmarks" */;
			compatibilityVersion = "Xcode 13.0";
			developmentRegion = en;
			hasScannedForEncodings = 0;
			knownRegions = (
				en,
				Base,
			);
			mainGroup = 64BDBC7227E878750006BFDB;
			productRefGroup = 64BDBC7C27E878750006BFDB /* Products */;
			projectDirPath = "";
			projectRoot = "";
			targets = (
				64BDBC7A27E878750006BFDB /* Landmarks */,
			);
		};
/* End PBXProject section */

/* Begin PBXResourcesBuildPhase section */
		64BDBC7927E878750006BFDB /* Resources */ = {
			isa = PBXResourcesBuildPhase;
			buildActionMask = 2147483647;
			files = (
				64BDBC8627E878780006BFDB /* Preview Assets.xcassets in Resources */,
				64BDBC8327E878780006BFDB /* Assets.xcassets in Resources */,
				64BDBC9327E8B6CC0006BFDB /* landmarkData.json in Resources */,
			);
			runOnlyForDeploymentPostprocessing = 0;
		};
/* End PBXResourcesBuildPhase section */

/* Begin PBXSourcesBuildPhase section */
		64BDBC7727E878750006BFDB /* Sources */ = {
			isa = PBXSourcesBuildPhase;
			buildActionMask = 2147483647;
			files = (
				64BDBC8127E878750006BFDB /* ContentView.swift in Sources */,
				64BDBC9127E8ADA60006BFDB /* MapView.swift in Sources */,
				64BDBC7F27E878750006BFDB /* LandmarksApp.swift in Sources */,
				64BDBC9E27E8BDD10006BFDB /* LandmarkList.swift in Sources */,
				64BDBCA027E8BEA80006BFDB /* LandmarkDetail.swift in Sources */,
				64BDBC8F27E8A4150006BFDB /* CircleImage.swift in Sources */,
				64BDBC9527E8B7030006BFDB /* Landmark.swift in Sources */,
				64BDBC9C27E8BB8E0006BFDB /* LandmarkRow.swift in Sources */,
				64BDBC9727E8B94C0006BFDB /* ModelData.swift in Sources */,
			);
			runOnlyForDeploymentPostprocessing = 0;
		};
/* End PBXSourcesBuildPhase section */

/* Begin XCBuildConfiguration section */
		64BDBC8727E878780006BFDB /* Debug */ = {
			isa = XCBuildConfiguration;
			buildSettings = {
				ALWAYS_SEARCH_USER_PATHS = NO;
				CLANG_ANALYZER_NONNULL = YES;
				CLANG_ANALYZER_NUMBER_OBJECT_CONVERSION = YES_AGGRESSIVE;
				CLANG_CXX_LANGUAGE_STANDARD = "gnu++17";
				CLANG_ENABLE_MODULES = YES;
				CLANG_ENABLE_OBJC_ARC = YES;
				CLANG_ENABLE_OBJC_WEAK = YES;
				CLANG_WARN_BLOCK_CAPTURE_AUTORELEASING = YES;
				CLANG_WARN_BOOL_CONVERSION = YES;
				CLANG_WARN_COMMA = YES;
				CLANG_WARN_CONSTANT_CONVERSION = YES;
				CLANG_WARN_DEPRECATED_OBJC_IMPLEMENTATIONS = YES;
				CLANG_WARN_DIRECT_OBJC_ISA_USAGE = YES_ERROR;
				CLANG_WARN_DOCUMENTATION_COMMENTS = YES;
				CLANG_WARN_EMPTY_BODY = YES;
				CLANG_WARN_ENUM_CONVERSION = YES;
				CLANG_WARN_INFINITE_RECURSION = YES;
				CLANG_WARN_INT_CONVERSION = YES;
				CLANG_WARN_NON_LITERAL_NULL_CONVERSION = YES;
				CLANG_WARN_OBJC_IMPLICIT_RETAIN_SELF = YES;
				CLANG_WARN_OBJC_LITERAL_CONVERSION = YES;
				CLANG_WARN_OBJC_ROOT_CLASS = YES_ERROR;
				CLANG_WARN_QUOTED_INCLUDE_IN_FRAMEWORK_HEADER = YES;
				CLANG_WARN_RANGE_LOOP_ANALYSIS = YES;
				CLANG_WARN_STRICT_PROTOTYPES = YES;
				CLANG_WARN_SUSPICIOUS_MOVE = YES;
				CLANG_WARN_UNGUARDED_AVAILABILITY = YES_AGGRESSIVE;
				CLANG_WARN_UNREACHABLE_CODE = YES;
				CLANG_WARN__DUPLICATE_METHOD_MATCH = YES;
				COPY_PHASE_STRIP = NO;
				DEBUG_INFORMATION_FORMAT = dwarf;
				ENABLE_STRICT_OBJC_MSGSEND = YES;
				ENABLE_TESTABILITY = YES;
				GCC_C_LANGUAGE_STANDARD = gnu11;
				GCC_DYNAMIC_NO_PIC = NO;
				GCC_NO_COMMON_BLOCKS = YES;
				GCC_OPTIMIZATION_LEVEL = 0;
				GCC_PREPROCESSOR_DEFINITIONS = (
					"DEBUG=1",
					"$(inherited)",
				);
				GCC_WARN_64_TO_32_BIT_CONVERSION = YES;
				GCC_WARN_ABOUT_RETURN_TYPE = YES_ERROR;
				GCC_WARN_UNDECLARED_SELECTOR = YES;
				GCC_WARN_UNINITIALIZED_AUTOS = YES_AGGRESSIVE;
				GCC_WARN_UNUSED_FUNCTION = YES;
				GCC_WARN_UNUSED_VARIABLE = YES;
				IPHONEOS_DEPLOYMENT_TARGET = 15.4;
				MTL_ENABLE_DEBUG_INFO = INCLUDE_SOURCE;
				MTL_FAST_MATH = YES;
				ONLY_ACTIVE_ARCH = YES;
				SDKROOT = iphoneos;
				SWIFT_ACTIVE_COMPILATION_CONDITIONS = DEBUG;
				SWIFT_OPTIMIZATION_LEVEL = "-Onone";
			};
			name = Debug;
		};
		64BDBC8827E878780006BFDB /* Release */ = {
			isa = XCBuildConfiguration;
			buildSettings = {
				ALWAYS_SEARCH_USER_PATHS = NO;
				CLANG_ANALYZER_NONNULL = YES;
				CLANG_ANALYZER_NUMBER_OBJECT_CONVERSION = YES_AGGRESSIVE;
				CLANG_CXX_LANGUAGE_STANDARD = "gnu++17";
				CLANG_ENABLE_MODULES = YES;
				CLANG_ENABLE_OBJC_ARC = YES;
				CLANG_ENABLE_OBJC_WEAK = YES;
				CLANG_WARN_BLOCK_CAPTURE_AUTORELEASING = YES;
				CLANG_WARN_BOOL_CONVERSION = YES;
				CLANG_WARN_COMMA = YES;
				CLANG_WARN_CONSTANT_CONVERSION = YES;
				CLANG_WARN_DEPRECATED_OBJC_IMPLEMENTATIONS = YES;
				CLANG_WARN_DIRECT_OBJC_ISA_USAGE = YES_ERROR;
				CLANG_WARN_DOCUMENTATION_COMMENTS = YES;
				CLANG_WARN_EMPTY_BODY = YES;
				CLANG_WARN_ENUM_CONVERSION = YES;
				CLANG_WARN_INFINITE_RECURSION = YES;
				CLANG_WARN_INT_CONVERSION = YES;
				CLANG_WARN_NON_LITERAL_NULL_CONVERSION = YES;
				CLANG_WARN_OBJC_IMPLICIT_RETAIN_SELF = YES;
				CLANG_WARN_OBJC_LITERAL_CONVERSION = YES;
				CLANG_WARN_OBJC_ROOT_CLASS = YES_ERROR;
				CLANG_WARN_QUOTED_INCLUDE_IN_FRAMEWORK_HEADER = YES;
				CLANG_WARN_RANGE_LOOP_ANALYSIS = YES;
				CLANG_WARN_STRICT_PROTOTYPES = YES;
				CLANG_WARN_SUSPICIOUS_MOVE = YES;
				CLANG_WARN_UNGUARDED_AVAILABILITY = YES_AGGRESSIVE;
				CLANG_WARN_UNREACHABLE_CODE = YES;
				CLANG_WARN__DUPLICATE_METHOD_MATCH = YES;
				COPY_PHASE_STRIP = NO;
				DEBUG_INFORMATION_FORMAT = "dwarf-with-dsym";
				ENABLE_NS_ASSERTIONS = NO;
				ENABLE_STRICT_OBJC_MSGSEND = YES;
				GCC_C_LANGUAGE_STANDARD = gnu11;
				GCC_NO_COMMON_BLOCKS = YES;
				GCC_WARN_64_TO_32_BIT_CONVERSION = YES;
				GCC_WARN_ABOUT_RETURN_TYPE = YES_ERROR;
				GCC_WARN_UNDECLARED_SELECTOR = YES;
				GCC_WARN_UNINITIALIZED_AUTOS = YES_AGGRESSIVE;
				GCC_WARN_UNUSED_FUNCTION = YES;
				GCC_WARN_UNUSED_VARIABLE = YES;
				IPHONEOS_DEPLOYMENT_TARGET = 15.4;
				MTL_ENABLE_DEBUG_INFO = NO;
				MTL_FAST_MATH = YES;
				SDKROOT = iphoneos;
				SWIFT_COMPILATION_MODE = wholemodule;
				SWIFT_OPTIMIZATION_LEVEL = "-O";
				VALIDATE_PRODUCT = YES;
			};
			name = Release;
		};
		64BDBC8A27E878780006BFDB /* Debug */ = {
			isa = XCBuildConfiguration;
			buildSettings = {
				ASSETCATALOG_COMPILER_APPICON_NAME = AppIcon;
				ASSETCATALOG_COMPILER_GLOBAL_ACCENT_COLOR_NAME = AccentColor;
				CODE_SIGN_STYLE = Automatic;
				CURRENT_PROJECT_VERSION = 1;
				DEVELOPMENT_ASSET_PATHS = "\"Landmarks/Preview Content\"";
				ENABLE_PREVIEWS = YES;
				GENERATE_INFOPLIST_FILE = YES;
				INFOPLIST_KEY_UIApplicationSceneManifest_Generation = YES;
				INFOPLIST_KEY_UIApplicationSupportsIndirectInputEvents = YES;
				INFOPLIST_KEY_UILaunchScreen_Generation = YES;
				INFOPLIST_KEY_UISupportedInterfaceOrientations_iPad = "UIInterfaceOrientationPortrait UIInterfaceOrientationPortraitUpsideDown UIInterfaceOrientationLandscapeLeft UIInterfaceOrientationLandscapeRight";
				INFOPLIST_KEY_UISupportedInterfaceOrientations_iPhone = "UIInterfaceOrientationPortrait UIInterfaceOrientationLandscapeLeft UIInterfaceOrientationLandscapeRight";
				LD_RUNPATH_SEARCH_PATHS = (
					"$(inherited)",
					"@executable_path/Frameworks",
				);
				MARKETING_VERSION = 1.0;
				PRODUCT_BUNDLE_IDENTIFIER = net.jellyworks.Landmarks;
				PRODUCT_NAME = "$(TARGET_NAME)";
				SWIFT_EMIT_LOC_STRINGS = YES;
				SWIFT_VERSION = 5.0;
				TARGETED_DEVICE_FAMILY = "1,2";
			};
			name = Debug;
		};
		64BDBC8B27E878780006BFDB /* Release */ = {
			isa = XCBuildConfiguration;
			buildSettings = {
				ASSETCATALOG_COMPILER_APPICON_NAME = AppIcon;
				ASSETCATALOG_COMPILER_GLOBAL_ACCENT_COLOR_NAME = AccentColor;
				CODE_SIGN_STYLE = Automatic;
				CURRENT_PROJECT_VERSION = 1;
				DEVELOPMENT_ASSET_PATHS = "\"Landmarks/Preview Content\"";
				ENABLE_PREVIEWS = YES;
				GENERATE_INFOPLIST_FILE = YES;
				INFOPLIST_KEY_UIApplicationSceneManifest_Generation = YES;
				INFOPLIST_KEY_UIApplicationSupportsIndirectInputEvents = YES;
				INFOPLIST_KEY_UILaunchScreen_Generation = YES;
				INFOPLIST_KEY_UISupportedInterfaceOrientations_iPad = "UIInterfaceOrientationPortrait UIInterfaceOrientationPortraitUpsideDown UIInterfaceOrientationLandscapeLeft UIInterfaceOrientationLandscapeRight";
				INFOPLIST_KEY_UISupportedInterfaceOrientations_iPhone = "UIInterfaceOrientationPortrait UIInterfaceOrientationLandscapeLeft UIInterfaceOrientationLandscapeRight";
				LD_RUNPATH_SEARCH_PATHS = (
					"$(inherited)",
					"@executable_path/Frameworks",
				);
				MARKETING_VERSION = 1.0;
				PRODUCT_BUNDLE_IDENTIFIER = net.jellyworks.Landmarks;
				PRODUCT_NAME = "$(TARGET_NAME)";
				SWIFT_EMIT_LOC_STRINGS = YES;
				SWIFT_VERSION = 5.0;
				TARGETED_DEVICE_FAMILY = "1,2";
			};
			name = Release;
		};
/* End XCBuildConfiguration section */

/* Begin XCConfigurationList section */
		64BDBC7627E878750006BFDB /* Build configuration list for PBXProject "Landmarks" */ = {
			isa = XCConfigurationList;
			buildConfigurations = (
				64BDBC8727E878780006BFDB /* Debug */,
				64BDBC8827E878780006BFDB /* Release */,
			);
			defaultConfigurationIsVisible = 0;
			defaultConfigurationName = Release;
		};
		64BDBC8927E878780006BFDB /* Build configuration list for PBXNativeTarget "Landmarks" */ = {
			isa = XCConfigurationList;
			buildConfigurations = (
				64BDBC8A27E878780006BFDB /* Debug */,
				64BDBC8B27E878780006BFDB /* Release */,
			);
			defaultConfigurationIsVisible = 0;
			defaultConfigurationName = Release;
		};
/* End XCConfigurationList section */
	};
	rootObject = 64BDBC7327E878750006BFDB /* Project object */;
}
